// !$*UTF8*$!
{
	archiveVersion = 1;
	classes = {
	};
	objectVersion = 50;
	objects = {

/* Begin PBXBuildFile section */
		7F71A63F24B95CD100CAFC02 /* AppDelegate.swift in Sources */ = {isa = PBXBuildFile; fileRef = 7F71A63E24B95CD100CAFC02 /* AppDelegate.swift */; };
		7F71A64124B95CD100CAFC02 /* SceneDelegate.swift in Sources */ = {isa = PBXBuildFile; fileRef = 7F71A64024B95CD100CAFC02 /* SceneDelegate.swift */; };
		7F71A64324B95CD100CAFC02 /* ViewController.swift in Sources */ = {isa = PBXBuildFile; fileRef = 7F71A64224B95CD100CAFC02 /* ViewController.swift */; };
		7F71A64624B95CD100CAFC02 /* Main.storyboard in Resources */ = {isa = PBXBuildFile; fileRef = 7F71A64424B95CD100CAFC02 /* Main.storyboard */; };
		7F71A64824B95CD200CAFC02 /* Assets.xcassets in Resources */ = {isa = PBXBuildFile; fileRef = 7F71A64724B95CD200CAFC02 /* Assets.xcassets */; };
		7F71A64B24B95CD200CAFC02 /* LaunchScreen.storyboard in Resources */ = {isa = PBXBuildFile; fileRef = 7F71A64924B95CD200CAFC02 /* LaunchScreen.storyboard */; };
		7F80107824C727040092307B /* image in Resources */ = {isa = PBXBuildFile; fileRef = 7F80107724C727040092307B /* image */; };
/* End PBXBuildFile section */

/* Begin PBXFileReference section */
		7F71A63B24B95CD100CAFC02 /* sleep478.app */ = {isa = PBXFileReference; explicitFileType = wrapper.application; includeInIndex = 0; path = sleep478.app; sourceTree = BUILT_PRODUCTS_DIR; };
		7F71A63E24B95CD100CAFC02 /* AppDelegate.swift */ = {isa = PBXFileReference; lastKnownFileType = sourcecode.swift; path = AppDelegate.swift; sourceTree = "<group>"; };
		7F71A64024B95CD100CAFC02 /* SceneDelegate.swift */ = {isa = PBXFileReference; lastKnownFileType = sourcecode.swift; path = SceneDelegate.swift; sourceTree = "<group>"; };
		7F71A64224B95CD100CAFC02 /* ViewController.swift */ = {isa = PBXFileReference; lastKnownFileType = sourcecode.swift; path = ViewController.swift; sourceTree = "<group>"; };
		7F71A64524B95CD100CAFC02 /* Base */ = {isa = PBXFileReference; lastKnownFileType = file.storyboard; name = Base; path = Base.lproj/Main.storyboard; sourceTree = "<group>"; };
		7F71A64724B95CD200CAFC02 /* Assets.xcassets */ = {isa = PBXFileReference; lastKnownFileType = folder.assetcatalog; path = Assets.xcassets; sourceTree = "<group>"; };
		7F71A64A24B95CD200CAFC02 /* Base */ = {isa = PBXFileReference; lastKnownFileType = file.storyboard; name = Base; path = Base.lproj/LaunchScreen.storyboard; sourceTree = "<group>"; };
		7F71A64C24B95CD200CAFC02 /* Info.plist */ = {isa = PBXFileReference; lastKnownFileType = text.plist.xml; path = Info.plist; sourceTree = "<group>"; };
		7F80107724C727040092307B /* image */ = {isa = PBXFileReference; lastKnownFileType = folder; path = image; sourceTree = "<group>"; };
/* End PBXFileReference section */

/* Begin PBXFrameworksBuildPhase section */
		7F71A63824B95CD100CAFC02 /* Frameworks */ = {
			isa = PBXFrameworksBuildPhase;
			buildActionMask = 2147483647;
			files = (
			);
			runOnlyForDeploymentPostprocessing = 0;
		};
/* End PBXFrameworksBuildPhase section */

/* Begin PBXGroup section */
		7F71A63224B95CD100CAFC02 = {
			isa = PBXGroup;
			children = (
				7F80107724C727040092307B /* image */,
				7F71A63D24B95CD100CAFC02 /* sleep478 */,
				7F71A63C24B95CD100CAFC02 /* Products */,
			);
			sourceTree = "<group>";
		};
		7F71A63C24B95CD100CAFC02 /* Products */ = {
			isa = PBXGroup;
			children = (
				7F71A63B24B95CD100CAFC02 /* sleep478.app */,
			);
			name = Products;
			sourceTree = "<group>";
		};
		7F71A63D24B95CD100CAFC02 /* sleep478 */ = {
			isa = PBXGroup;
			children = (
				7F71A63E24B95CD100CAFC02 /* AppDelegate.swift */,
				7F71A64024B95CD100CAFC02 /* SceneDelegate.swift */,
				7F71A64224B95CD100CAFC02 /* ViewController.swift */,
				7F71A64424B95CD100CAFC02 /* Main.storyboard */,
				7F71A64724B95CD200CAFC02 /* Assets.xcassets */,
				7F71A64924B95CD200CAFC02 /* LaunchScreen.storyboard */,
				7F71A64C24B95CD200CAFC02 /* Info.plist */,
			);
			path = sleep478;
			sourceTree = "<group>";
		};
/* End PBXGroup section */

/* Begin PBXNativeTarget section */
		7F71A63A24B95CD100CAFC02 /* sleep478 */ = {
			isa = PBXNativeTarget;
			buildConfigurationList = 7F71A64F24B95CD200CAFC02 /* Build configuration list for PBXNativeTarget "sleep478" */;
			buildPhases = (
				7F71A63724B95CD100CAFC02 /* Sources */,
				7F71A63824B95CD100CAFC02 /* Frameworks */,
				7F71A63924B95CD100CAFC02 /* Resources */,
			);
			buildRules = (
			);
			dependencies = (
			);
			name = sleep478;
			productName = sleep478;
			productReference = 7F71A63B24B95CD100CAFC02 /* sleep478.app */;
			productType = "com.apple.product-type.application";
		};
/* End PBXNativeTarget section */

/* Begin PBXProject section */
		7F71A63324B95CD100CAFC02 /* Project object */ = {
			isa = PBXProject;
			attributes = {
				LastSwiftUpdateCheck = 1150;
				LastUpgradeCheck = 1150;
				ORGANIZATIONNAME = kkumercompany;
				TargetAttributes = {
					7F71A63A24B95CD100CAFC02 = {
						CreatedOnToolsVersion = 11.5;
					};
				};
			};
			buildConfigurationList = 7F71A63624B95CD100CAFC02 /* Build configuration list for PBXProject "sleep478" */;
			compatibilityVersion = "Xcode 9.3";
			developmentRegion = en;
			hasScannedForEncodings = 0;
			knownRegions = (
				en,
				Base,
			);
			mainGroup = 7F71A63224B95CD100CAFC02;
			productRefGroup = 7F71A63C24B95CD100CAFC02 /* Products */;
			projectDirPath = "";
			projectRoot = "";
			targets = (
				7F71A63A24B95CD100CAFC02 /* sleep478 */,
			);
		};
/* End PBXProject section */

/* Begin PBXResourcesBuildPhase section */
		7F71A63924B95CD100CAFC02 /* Resources */ = {
			isa = PBXResourcesBuildPhase;
			buildActionMask = 2147483647;
			files = (
				7F80107824C727040092307B /* image in Resources */,
				7F71A64B24B95CD200CAFC02 /* LaunchScreen.storyboard in Resources */,
				7F71A64824B95CD200CAFC02 /* Assets.xcassets in Resources */,
				7F71A64624B95CD100CAFC02 /* Main.storyboard in Resources */,
			);
			runOnlyForDeploymentPostprocessing = 0;
		};
/* End PBXResourcesBuildPhase section */

/* Begin PBXSourcesBuildPhase section */
		7F71A63724B95CD100CAFC02 /* Sources */ = {
			isa = PBXSourcesBuildPhase;
			buildActionMask = 2147483647;
			files = (
				7F71A64324B95CD100CAFC02 /* ViewController.swift in Sources */,
				7F71A63F24B95CD100CAFC02 /* AppDelegate.swift in Sources */,
				7F71A64124B95CD100CAFC02 /* SceneDelegate.swift in Sources */,
			);
			runOnlyForDeploymentPostprocessing = 0;
		};
/* End PBXSourcesBuildPhase section */

/* Begin PBXVariantGroup section */
		7F71A64424B95CD100CAFC02 /* Main.storyboard */ = {
			isa = PBXVariantGroup;
			children = (
				7F71A64524B95CD100CAFC02 /* Base */,
			);
			name = Main.storyboard;
			sourceTree = "<group>";
		};
		7F71A64924B95CD200CAFC02 /* LaunchScreen.storyboard */ = {
			isa = PBXVariantGroup;
			children = (
				7F71A64A24B95CD200CAFC02 /* Base */,
			);
			name = LaunchScreen.storyboard;
			sourceTree = "<group>";
		};
/* End PBXVariantGroup section */

/* Begin XCBuildConfiguration section */
		7F71A64D24B95CD200CAFC02 /* Debug */ = {
			isa = XCBuildConfiguration;
			buildSettings = {
				ALWAYS_SEARCH_USER_PATHS = NO;
				CLANG_ANALYZER_NONNULL = YES;
				CLANG_ANALYZER_NUMBER_OBJECT_CONVERSION = YES_AGGRESSIVE;
				CLANG_CXX_LANGUAGE_STANDARD = "gnu++14";
				CLANG_CXX_LIBRARY = "libc++";
				CLANG_ENABLE_MODULES = YES;
				CLANG_ENABLE_OBJC_ARC = YES;
				CLANG_ENABLE_OBJC_WEAK = YES;
				CLANG_WARN_BLOCK_CAPTURE_AUTORELEASING = YES;
				CLANG_WARN_BOOL_CONVERSION = YES;
				CLANG_WARN_COMMA = YES;
				CLANG_WARN_CONSTANT_CONVERSION = YES;
				CLANG_WARN_DEPRECATED_OBJC_IMPLEMENTATIONS = YES;
				CLANG_WARN_DIRECT_OBJC_ISA_USAGE = YES_ERROR;
				CLANG_WARN_DOCUMENTATION_COMMENTS = YES;
				CLANG_WARN_EMPTY_BODY = YES;
				CLANG_WARN_ENUM_CONVERSION = YES;
				CLANG_WARN_INFINITE_RECURSION = YES;
				CLANG_WARN_INT_CONVERSION = YES;
				CLANG_WARN_NON_LITERAL_NULL_CONVERSION = YES;
				CLANG_WARN_OBJC_IMPLICIT_RETAIN_SELF = YES;
				CLANG_WARN_OBJC_LITERAL_CONVERSION = YES;
				CLANG_WARN_OBJC_ROOT_CLASS = YES_ERROR;
				CLANG_WARN_RANGE_LOOP_ANALYSIS = YES;
				CLANG_WARN_STRICT_PROTOTYPES = YES;
				CLANG_WARN_SUSPICIOUS_MOVE = YES;
				CLANG_WARN_UNGUARDED_AVAILABILITY = YES_AGGRESSIVE;
				CLANG_WARN_UNREACHABLE_CODE = YES;
				CLANG_WARN__DUPLICATE_METHOD_MATCH = YES;
				COPY_PHASE_STRIP = NO;
				DEBUG_INFORMATION_FORMAT = dwarf;
				ENABLE_STRICT_OBJC_MSGSEND = YES;
				ENABLE_TESTABILITY = YES;
				GCC_C_LANGUAGE_STANDARD = gnu11;
				GCC_DYNAMIC_NO_PIC = NO;
				GCC_NO_COMMON_BLOCKS = YES;
				GCC_OPTIMIZATION_LEVEL = 0;
				GCC_PREPROCESSOR_DEFINITIONS = (
					"DEBUG=1",
					"$(inherited)",
				);
				GCC_WARN_64_TO_32_BIT_CONVERSION = YES;
				GCC_WARN_ABOUT_RETURN_TYPE = YES_ERROR;
				GCC_WARN_UNDECLARED_SELECTOR = YES;
				GCC_WARN_UNINITIALIZED_AUTOS = YES_AGGRESSIVE;
				GCC_WARN_UNUSED_FUNCTION = YES;
				GCC_WARN_UNUSED_VARIABLE = YES;
				IPHONEOS_DEPLOYMENT_TARGET = 13.5;
				MTL_ENABLE_DEBUG_INFO = INCLUDE_SOURCE;
				MTL_FAST_MATH = YES;
				ONLY_ACTIVE_ARCH = YES;
				SDKROOT = iphoneos;
				SWIFT_ACTIVE_COMPILATION_CONDITIONS = DEBUG;
				SWIFT_OPTIMIZATION_LEVEL = "-Onone";
			};
			name = Debug;
		};
		7F71A64E24B95CD200CAFC02 /* Release */ = {
			isa = XCBuildConfiguration;
			buildSettings = {
				ALWAYS_SEARCH_USER_PATHS = NO;
				CLANG_ANALYZER_NONNULL = YES;
				CLANG_ANALYZER_NUMBER_OBJECT_CONVERSION = YES_AGGRESSIVE;
				CLANG_CXX_LANGUAGE_STANDARD = "gnu++14";
				CLANG_CXX_LIBRARY = "libc++";
				CLANG_ENABLE_MODULES = YES;
				CLANG_ENABLE_OBJC_ARC = YES;
				CLANG_ENABLE_OBJC_WEAK = YES;
				CLANG_WARN_BLOCK_CAPTURE_AUTORELEASING = YES;
				CLANG_WARN_BOOL_CONVERSION = YES;
				CLANG_WARN_COMMA = YES;
				CLANG_WARN_CONSTANT_CONVERSION = YES;
				CLANG_WARN_DEPRECATED_OBJC_IMPLEMENTATIONS = YES;
				CLANG_WARN_DIRECT_OBJC_ISA_USAGE = YES_ERROR;
				CLANG_WARN_DOCUMENTATION_COMMENTS = YES;
				CLANG_WARN_EMPTY_BODY = YES;
				CLANG_WARN_ENUM_CONVERSION = YES;
				CLANG_WARN_INFINITE_RECURSION = YES;
				CLANG_WARN_INT_CONVERSION = YES;
				CLANG_WARN_NON_LITERAL_NULL_CONVERSION = YES;
				CLANG_WARN_OBJC_IMPLICIT_RETAIN_SELF = YES;
				CLANG_WARN_OBJC_LITERAL_CONVERSION = YES;
				CLANG_WARN_OBJC_ROOT_CLASS = YES_ERROR;
				CLANG_WARN_RANGE_LOOP_ANALYSIS = YES;
				CLANG_WARN_STRICT_PROTOTYPES = YES;
				CLANG_WARN_SUSPICIOUS_MOVE = YES;
				CLANG_WARN_UNGUARDED_AVAILABILITY = YES_AGGRESSIVE;
				CLANG_WARN_UNREACHABLE_CODE = YES;
				CLANG_WARN__DUPLICATE_METHOD_MATCH = YES;
				COPY_PHASE_STRIP = NO;
				DEBUG_INFORMATION_FORMAT = "dwarf-with-dsym";
				ENABLE_NS_ASSERTIONS = NO;
				ENABLE_STRICT_OBJC_MSGSEND = YES;
				GCC_C_LANGUAGE_STANDARD = gnu11;
				GCC_NO_COMMON_BLOCKS = YES;
				GCC_WARN_64_TO_32_BIT_CONVERSION = YES;
				GCC_WARN_ABOUT_RETURN_TYPE = YES_ERROR;
				GCC_WARN_UNDECLARED_SELECTOR = YES;
				GCC_WARN_UNINITIALIZED_AUTOS = YES_AGGRESSIVE;
				GCC_WARN_UNUSED_FUNCTION = YES;
				GCC_WARN_UNUSED_VARIABLE = YES;
				IPHONEOS_DEPLOYMENT_TARGET = 13.5;
				MTL_ENABLE_DEBUG_INFO = NO;
				MTL_FAST_MATH = YES;
				SDKROOT = iphoneos;
				SWIFT_COMPILATION_MODE = wholemodule;
				SWIFT_OPTIMIZATION_LEVEL = "-O";
				VALIDATE_PRODUCT = YES;
			};
			name = Release;
		};
		7F71A65024B95CD200CAFC02 /* Debug */ = {
			isa = XCBuildConfiguration;
			buildSettings = {
				ASSETCATALOG_COMPILER_APPICON_NAME = AppIcon;
				ASSETCATALOG_COMPILER_LAUNCHIMAGE_NAME = LaunchImage;
				CODE_SIGN_STYLE = Automatic;
				DEVELOPMENT_TEAM = CHMXNJVYYZ;
				INFOPLIST_FILE = sleep478/Info.plist;
				IPHONEOS_DEPLOYMENT_TARGET = 13.7;
				LD_RUNPATH_SEARCH_PATHS = (
					"$(inherited)",
					"@executable_path/Frameworks",
				);
				PRODUCT_BUNDLE_IDENTIFIER = kr.co.kkumer.sleep478;
				PRODUCT_NAME = "$(TARGET_NAME)";
				SWIFT_VERSION = 5.0;
				TARGETED_DEVICE_FAMILY = "1,2";
			};
			name = Debug;
		};
		7F71A65124B95CD200CAFC02 /* Release */ = {
			isa = XCBuildConfiguration;
			buildSettings = {
				ASSETCATALOG_COMPILER_APPICON_NAME = AppIcon;
				ASSETCATALOG_COMPILER_LAUNCHIMAGE_NAME = LaunchImage;
				CODE_SIGN_STYLE = Automatic;
				DEVELOPMENT_TEAM = CHMXNJVYYZ;
				INFOPLIST_FILE = sleep478/Info.plist;
				IPHONEOS_DEPLOYMENT_TARGET = 13.7;
				LD_RUNPATH_SEARCH_PATHS = (
					"$(inherited)",
					"@executable_path/Frameworks",
				);
				PRODUCT_BUNDLE_IDENTIFIER = kr.co.kkumer.sleep478;
				PRODUCT_NAME = "$(TARGET_NAME)";
				SWIFT_VERSION = 5.0;
				TARGETED_DEVICE_FAMILY = "1,2";
			};
			name = Release;
		};
/* End XCBuildConfiguration section */

/* Begin XCConfigurationList section */
		7F71A63624B95CD100CAFC02 /* Build configuration list for PBXProject "sleep478" */ = {
			isa = XCConfigurationList;
			buildConfigurations = (
				7F71A64D24B95CD200CAFC02 /* Debug */,
				7F71A64E24B95CD200CAFC02 /* Release */,
			);
			defaultConfigurationIsVisible = 0;
			defaultConfigurationName = Release;
		};
		7F71A64F24B95CD200CAFC02 /* Build configuration list for PBXNativeTarget "sleep478" */ = {
			isa = XCConfigurationList;
			buildConfigurations = (
				7F71A65024B95CD200CAFC02 /* Debug */,
				7F71A65124B95CD200CAFC02 /* Release */,
			);
			defaultConfigurationIsVisible = 0;
			defaultConfigurationName = Release;
		};
/* End XCConfigurationList section */
	};
	rootObject = 7F71A63324B95CD100CAFC02 /* Project object */;
}
